
Microsoft Visual Studio Solution File, Format Version 12.00
# Visual Studio Version 17
VisualStudioVersion = 17.5.002.0
MinimumVisualStudioVersion = 10.0.40219.1
Project("{9A19103F-16F7-4668-BE54-9A1E7A4F7556}") = "Kaenx.Creator.Console", "Kaenx.Creator.Console.csproj", "{40EB04F6-20F7-49AF-8607-6E4E3A13EF86}"
EndProject
Project("{FAE04EC0-301F-11D3-BF4B-00C04F79EFBC}") = "Kaenx.Creator.Share", "..\Kaenx-Creator-Share\Kaenx.Creator.Share.csproj", "{96B8D22A-8A75-458A-BF3C-C2D3D45F7D60}"
EndProject
Project("{FAE04EC0-301F-11D3-BF4B-00C04F79EFBC}") = "OpenKNX.Toolbox.Sign", "..\OpenKNX.Toolbox.Sign\OpenKNX.Toolbox.Sign.csproj", "{B615CBD9-6B2B-4BCF-B35A-B1C2264F57F9}"
EndProject
Global
	GlobalSection(SolutionConfigurationPlatforms) = preSolution
		Debug|Any CPU = Debug|Any CPU
		Release|Any CPU = Release|Any CPU
	EndGlobalSection
	GlobalSection(ProjectConfigurationPlatforms) = postSolution
		{40EB04F6-20F7-49AF-8607-6E4E3A13EF86}.Debug|Any CPU.ActiveCfg = Debug|Any CPU
		{40EB04F6-20F7-49AF-8607-6E4E3A13EF86}.Debug|Any CPU.Build.0 = Debug|Any CPU
		{40EB04F6-20F7-49AF-8607-6E4E3A13EF86}.Release|Any CPU.ActiveCfg = Release|Any CPU
		{40EB04F6-20F7-49AF-8607-6E4E3A13EF86}.Release|Any CPU.Build.0 = Release|Any CPU
		{96B8D22A-8A75-458A-BF3C-C2D3D45F7D60}.Debug|Any CPU.ActiveCfg = Debug|Any CPU
		{96B8D22A-8A75-458A-BF3C-C2D3D45F7D60}.Debug|Any CPU.Build.0 = Debug|Any CPU
		{96B8D22A-8A75-458A-BF3C-C2D3D45F7D60}.Release|Any CPU.ActiveCfg = Release|Any CPU
		{96B8D22A-8A75-458A-BF3C-C2D3D45F7D60}.Release|Any CPU.Build.0 = Release|Any CPU
		{B615CBD9-6B2B-4BCF-B35A-B1C2264F57F9}.Debug|Any CPU.ActiveCfg = Debug|Any CPU
		{B615CBD9-6B2B-4BCF-B35A-B1C2264F57F9}.Debug|Any CPU.Build.0 = Debug|Any CPU
		{B615CBD9-6B2B-4BCF-B35A-B1C2264F57F9}.Release|Any CPU.ActiveCfg = Release|Any CPU
		{B615CBD9-6B2B-4BCF-B35A-B1C2264F57F9}.Release|Any CPU.Build.0 = Release|Any CPU
	EndGlobalSection
	GlobalSection(SolutionProperties) = preSolution
		HideSolutionNode = FALSE
	EndGlobalSection
	GlobalSection(ExtensibilityGlobals) = postSolution
		SolutionGuid = {66EB07D5-BF16-4571-8D3F-D2FFA813E64D}
	EndGlobalSection
EndGlobal
